
Microsoft Visual Studio Solution File, Format Version 12.00
# Visual Studio Version 16
VisualStudioVersion = 16.0.31112.23
MinimumVisualStudioVersion = 10.0.40219.1
Project("{FAE04EC0-301F-11D3-BF4B-00C04F79EFBC}") = "FileUploadAndDownload", "FileUploadAndDownload.csproj", "{752B35FB-4DDB-4AAE-AFE1-BBE98A1A4348}"
EndProject
Global
	GlobalSection(SolutionConfigurationPlatforms) = preSolution
		Debug|Any CPU = Debug|Any CPU
		Release|Any CPU = Release|Any CPU
	EndGlobalSection
	GlobalSection(ProjectConfigurationPlatforms) = postSolution
		{752B35FB-4DDB-4AAE-AFE1-BBE98A1A4348}.Debug|Any CPU.ActiveCfg = Debug|Any CPU
		{752B35FB-4DDB-4AAE-AFE1-BBE98A1A4348}.Debug|Any CPU.Build.0 = Debug|Any CPU
		{752B35FB-4DDB-4AAE-AFE1-BBE98A1A4348}.Release|Any CPU.ActiveCfg = Release|Any CPU
		{752B35FB-4DDB-4AAE-AFE1-BBE98A1A4348}.Release|Any CPU.Build.0 = Release|Any CPU
	EndGlobalSection
	GlobalSection(SolutionProperties) = preSolution
		HideSolutionNode = FALSE
	EndGlobalSection
	GlobalSection(ExtensibilityGlobals) = postSolution
		SolutionGuid = {0E05BA59-F5CE-4916-B8EC-0F7BA5D507F8}
	EndGlobalSection
EndGlobal
